// !$*UTF8*$!
{
	archiveVersion = 1;
	classes = {
	};
	objectVersion = 48;
	objects = {

/* Begin PBXBuildFile section */
		0EF8755274F4FC020CFB7106 /* Pods_RevolutTest.framework in Frameworks */ = {isa = PBXBuildFile; fileRef = 41CD21E94CFE9A875CEBB393 /* Pods_RevolutTest.framework */; };
		340F122A1FA76ECB006CB164 /* Assets.xcassets in Resources */ = {isa = PBXBuildFile; fileRef = 340F12291FA76ECB006CB164 /* Assets.xcassets */; };
		3422A67C1FA07CD3007EB0C6 /* AppDelegate.swift in Sources */ = {isa = PBXBuildFile; fileRef = 3422A67B1FA07CD3007EB0C6 /* AppDelegate.swift */; };
		3422A6861FA07CD3007EB0C6 /* LaunchScreen.storyboard in Resources */ = {isa = PBXBuildFile; fileRef = 3422A6841FA07CD3007EB0C6 /* LaunchScreen.storyboard */; };
		3422A6911FA1E3CA007EB0C6 /* RVCurrency.swift in Sources */ = {isa = PBXBuildFile; fileRef = 3422A6901FA1E3CA007EB0C6 /* RVCurrency.swift */; };
		3422A6931FA1E3E0007EB0C6 /* RVWebServiceManager.swift in Sources */ = {isa = PBXBuildFile; fileRef = 3422A6921FA1E3E0007EB0C6 /* RVWebServiceManager.swift */; };
		3422A6C51FA3247A007EB0C6 /* RVConstants.swift in Sources */ = {isa = PBXBuildFile; fileRef = 3422A6C41FA3247A007EB0C6 /* RVConstants.swift */; };
		3438AB071FA3690A0024B9C7 /* RVConverterTableViewController.swift in Sources */ = {isa = PBXBuildFile; fileRef = 3438AB051FA3690A0024B9C7 /* RVConverterTableViewController.swift */; };
		3438AB081FA3690A0024B9C7 /* RVConverterTableViewController.xib in Resources */ = {isa = PBXBuildFile; fileRef = 3438AB061FA3690A0024B9C7 /* RVConverterTableViewController.xib */; };
		3438AB0A1FA36DF30024B9C7 /* RVRate.swift in Sources */ = {isa = PBXBuildFile; fileRef = 3438AB091FA36DF30024B9C7 /* RVRate.swift */; };
		3438AB0E1FA744B70024B9C7 /* RVConverterTableViewCell.swift in Sources */ = {isa = PBXBuildFile; fileRef = 3438AB0C1FA744B60024B9C7 /* RVConverterTableViewCell.swift */; };
		3438AB0F1FA744B70024B9C7 /* RVConverterTableViewCell.xib in Resources */ = {isa = PBXBuildFile; fileRef = 3438AB0D1FA744B70024B9C7 /* RVConverterTableViewCell.xib */; };
/* End PBXBuildFile section */

/* Begin PBXFileReference section */
		01ADFFD16F4447AF0BF65FE1 /* Pods-RevolutTest.debug.xcconfig */ = {isa = PBXFileReference; includeInIndex = 1; lastKnownFileType = text.xcconfig; name = "Pods-RevolutTest.debug.xcconfig"; path = "Pods/Target Support Files/Pods-RevolutTest/Pods-RevolutTest.debug.xcconfig"; sourceTree = "<group>"; };
		340F12291FA76ECB006CB164 /* Assets.xcassets */ = {isa = PBXFileReference; lastKnownFileType = folder.assetcatalog; path = Assets.xcassets; sourceTree = "<group>"; };
		3422A6781FA07CD3007EB0C6 /* RevolutTest.app */ = {isa = PBXFileReference; explicitFileType = wrapper.application; includeInIndex = 0; path = RevolutTest.app; sourceTree = BUILT_PRODUCTS_DIR; };
		3422A67B1FA07CD3007EB0C6 /* AppDelegate.swift */ = {isa = PBXFileReference; lastKnownFileType = sourcecode.swift; path = AppDelegate.swift; sourceTree = "<group>"; };
		3422A6851FA07CD3007EB0C6 /* Base */ = {isa = PBXFileReference; lastKnownFileType = file.storyboard; name = Base; path = Base.lproj/LaunchScreen.storyboard; sourceTree = "<group>"; };
		3422A6871FA07CD3007EB0C6 /* Info.plist */ = {isa = PBXFileReference; lastKnownFileType = text.plist.xml; path = Info.plist; sourceTree = "<group>"; };
		3422A6901FA1E3CA007EB0C6 /* RVCurrency.swift */ = {isa = PBXFileReference; lastKnownFileType = sourcecode.swift; path = RVCurrency.swift; sourceTree = "<group>"; };
		3422A6921FA1E3E0007EB0C6 /* RVWebServiceManager.swift */ = {isa = PBXFileReference; lastKnownFileType = sourcecode.swift; path = RVWebServiceManager.swift; sourceTree = "<group>"; };
		3422A6C41FA3247A007EB0C6 /* RVConstants.swift */ = {isa = PBXFileReference; lastKnownFileType = sourcecode.swift; path = RVConstants.swift; sourceTree = "<group>"; };
		3438AB051FA3690A0024B9C7 /* RVConverterTableViewController.swift */ = {isa = PBXFileReference; lastKnownFileType = sourcecode.swift; path = RVConverterTableViewController.swift; sourceTree = "<group>"; };
		3438AB061FA3690A0024B9C7 /* RVConverterTableViewController.xib */ = {isa = PBXFileReference; lastKnownFileType = file.xib; path = RVConverterTableViewController.xib; sourceTree = "<group>"; };
		3438AB091FA36DF30024B9C7 /* RVRate.swift */ = {isa = PBXFileReference; lastKnownFileType = sourcecode.swift; path = RVRate.swift; sourceTree = "<group>"; };
		3438AB0C1FA744B60024B9C7 /* RVConverterTableViewCell.swift */ = {isa = PBXFileReference; lastKnownFileType = sourcecode.swift; path = RVConverterTableViewCell.swift; sourceTree = "<group>"; };
		3438AB0D1FA744B70024B9C7 /* RVConverterTableViewCell.xib */ = {isa = PBXFileReference; lastKnownFileType = file.xib; path = RVConverterTableViewCell.xib; sourceTree = "<group>"; };
		41CD21E94CFE9A875CEBB393 /* Pods_RevolutTest.framework */ = {isa = PBXFileReference; explicitFileType = wrapper.framework; includeInIndex = 0; path = Pods_RevolutTest.framework; sourceTree = BUILT_PRODUCTS_DIR; };
		F7020B316EB362452FFD3368 /* Pods-RevolutTest.release.xcconfig */ = {isa = PBXFileReference; includeInIndex = 1; lastKnownFileType = text.xcconfig; name = "Pods-RevolutTest.release.xcconfig"; path = "Pods/Target Support Files/Pods-RevolutTest/Pods-RevolutTest.release.xcconfig"; sourceTree = "<group>"; };
/* End PBXFileReference section */

/* Begin PBXFrameworksBuildPhase section */
		3422A6751FA07CD3007EB0C6 /* Frameworks */ = {
			isa = PBXFrameworksBuildPhase;
			buildActionMask = 2147483647;
			files = (
				0EF8755274F4FC020CFB7106 /* Pods_RevolutTest.framework in Frameworks */,
			);
			runOnlyForDeploymentPostprocessing = 0;
		};
/* End PBXFrameworksBuildPhase section */

/* Begin PBXGroup section */
		0BB5BADE0F1532E10B606134 /* Pods */ = {
			isa = PBXGroup;
			children = (
				01ADFFD16F4447AF0BF65FE1 /* Pods-RevolutTest.debug.xcconfig */,
				F7020B316EB362452FFD3368 /* Pods-RevolutTest.release.xcconfig */,
			);
			name = Pods;
			sourceTree = "<group>";
		};
		1C79628EBAA0C1A0E1CAFAE3 /* Frameworks */ = {
			isa = PBXGroup;
			children = (
				41CD21E94CFE9A875CEBB393 /* Pods_RevolutTest.framework */,
			);
			name = Frameworks;
			sourceTree = "<group>";
		};
		3422A66F1FA07CD3007EB0C6 = {
			isa = PBXGroup;
			children = (
				340F12291FA76ECB006CB164 /* Assets.xcassets */,
				3422A67A1FA07CD3007EB0C6 /* RevolutTest */,
				3422A6791FA07CD3007EB0C6 /* Products */,
				0BB5BADE0F1532E10B606134 /* Pods */,
				1C79628EBAA0C1A0E1CAFAE3 /* Frameworks */,
			);
			sourceTree = "<group>";
		};
		3422A6791FA07CD3007EB0C6 /* Products */ = {
			isa = PBXGroup;
			children = (
				3422A6781FA07CD3007EB0C6 /* RevolutTest.app */,
			);
			name = Products;
			sourceTree = "<group>";
		};
		3422A67A1FA07CD3007EB0C6 /* RevolutTest */ = {
			isa = PBXGroup;
			children = (
				3422A67B1FA07CD3007EB0C6 /* AppDelegate.swift */,
				3422A68D1FA1DEB0007EB0C6 /* Models */,
				3422A68E1FA1DEBC007EB0C6 /* WebServiceManager */,
				3422A68F1FA1DED5007EB0C6 /* UI */,
				3422A6841FA07CD3007EB0C6 /* LaunchScreen.storyboard */,
				3422A6871FA07CD3007EB0C6 /* Info.plist */,
				3422A6C41FA3247A007EB0C6 /* RVConstants.swift */,
			);
			path = RevolutTest;
			sourceTree = "<group>";
		};
		3422A68D1FA1DEB0007EB0C6 /* Models */ = {
			isa = PBXGroup;
			children = (
				3422A6901FA1E3CA007EB0C6 /* RVCurrency.swift */,
				3438AB091FA36DF30024B9C7 /* RVRate.swift */,
			);
			path = Models;
			sourceTree = "<group>";
		};
		3422A68E1FA1DEBC007EB0C6 /* WebServiceManager */ = {
			isa = PBXGroup;
			children = (
				3422A6921FA1E3E0007EB0C6 /* RVWebServiceManager.swift */,
			);
			path = WebServiceManager;
			sourceTree = "<group>";
		};
		3422A68F1FA1DED5007EB0C6 /* UI */ = {
			isa = PBXGroup;
			children = (
				3438AB021FA368C80024B9C7 /* CustomUI */,
				3438AB031FA368D90024B9C7 /* ViewControllers */,
			);
			path = UI;
			sourceTree = "<group>";
		};
		3438AB021FA368C80024B9C7 /* CustomUI */ = {
			isa = PBXGroup;
			children = (
				3438AB0B1FA744850024B9C7 /* ConverterTableViewCell */,
			);
			path = CustomUI;
			sourceTree = "<group>";
		};
		3438AB031FA368D90024B9C7 /* ViewControllers */ = {
			isa = PBXGroup;
			children = (
				3438AB041FA368DF0024B9C7 /* ConverterTableViewController */,
			);
			path = ViewControllers;
			sourceTree = "<group>";
		};
		3438AB041FA368DF0024B9C7 /* ConverterTableViewController */ = {
			isa = PBXGroup;
			children = (
				3438AB051FA3690A0024B9C7 /* RVConverterTableViewController.swift */,
				3438AB061FA3690A0024B9C7 /* RVConverterTableViewController.xib */,
			);
			path = ConverterTableViewController;
			sourceTree = "<group>";
		};
		3438AB0B1FA744850024B9C7 /* ConverterTableViewCell */ = {
			isa = PBXGroup;
			children = (
				3438AB0C1FA744B60024B9C7 /* RVConverterTableViewCell.swift */,
				3438AB0D1FA744B70024B9C7 /* RVConverterTableViewCell.xib */,
			);
			path = ConverterTableViewCell;
			sourceTree = "<group>";
		};
/* End PBXGroup section */

/* Begin PBXNativeTarget section */
		3422A6771FA07CD3007EB0C6 /* RevolutTest */ = {
			isa = PBXNativeTarget;
			buildConfigurationList = 3422A68A1FA07CD3007EB0C6 /* Build configuration list for PBXNativeTarget "RevolutTest" */;
			buildPhases = (
				6DEA4C1FF8303AC3451F840C /* [CP] Check Pods Manifest.lock */,
				3422A6741FA07CD3007EB0C6 /* Sources */,
				3422A6751FA07CD3007EB0C6 /* Frameworks */,
				3422A6761FA07CD3007EB0C6 /* Resources */,
				C86BC3193C942424FC2F7CA5 /* [CP] Embed Pods Frameworks */,
				EF3C6E360E5B6A8C86289381 /* [CP] Copy Pods Resources */,
			);
			buildRules = (
			);
			dependencies = (
			);
			name = RevolutTest;
			productName = RevolutTest;
			productReference = 3422A6781FA07CD3007EB0C6 /* RevolutTest.app */;
			productType = "com.apple.product-type.application";
		};
/* End PBXNativeTarget section */

/* Begin PBXProject section */
		3422A6701FA07CD3007EB0C6 /* Project object */ = {
			isa = PBXProject;
			attributes = {
				LastSwiftUpdateCheck = 0900;
				LastUpgradeCheck = 0900;
				ORGANIZATIONNAME = cristinasita;
				TargetAttributes = {
					3422A6771FA07CD3007EB0C6 = {
						CreatedOnToolsVersion = 9.0.1;
						ProvisioningStyle = Automatic;
					};
				};
			};
			buildConfigurationList = 3422A6731FA07CD3007EB0C6 /* Build configuration list for PBXProject "RevolutTest" */;
			compatibilityVersion = "Xcode 8.0";
			developmentRegion = en;
			hasScannedForEncodings = 0;
			knownRegions = (
				en,
				Base,
			);
			mainGroup = 3422A66F1FA07CD3007EB0C6;
			productRefGroup = 3422A6791FA07CD3007EB0C6 /* Products */;
			projectDirPath = "";
			projectRoot = "";
			targets = (
				3422A6771FA07CD3007EB0C6 /* RevolutTest */,
			);
		};
/* End PBXProject section */

/* Begin PBXResourcesBuildPhase section */
		3422A6761FA07CD3007EB0C6 /* Resources */ = {
			isa = PBXResourcesBuildPhase;
			buildActionMask = 2147483647;
			files = (
				3438AB0F1FA744B70024B9C7 /* RVConverterTableViewCell.xib in Resources */,
				3438AB081FA3690A0024B9C7 /* RVConverterTableViewController.xib in Resources */,
				340F122A1FA76ECB006CB164 /* Assets.xcassets in Resources */,
				3422A6861FA07CD3007EB0C6 /* LaunchScreen.storyboard in Resources */,
			);
			runOnlyForDeploymentPostprocessing = 0;
		};
/* End PBXResourcesBuildPhase section */

/* Begin PBXShellScriptBuildPhase section */
		6DEA4C1FF8303AC3451F840C /* [CP] Check Pods Manifest.lock */ = {
			isa = PBXShellScriptBuildPhase;
			buildActionMask = 2147483647;
			files = (
			);
			inputPaths = (
				"${PODS_PODFILE_DIR_PATH}/Podfile.lock",
				"${PODS_ROOT}/Manifest.lock",
			);
			name = "[CP] Check Pods Manifest.lock";
			outputPaths = (
				"$(DERIVED_FILE_DIR)/Pods-RevolutTest-checkManifestLockResult.txt",
			);
			runOnlyForDeploymentPostprocessing = 0;
			shellPath = /bin/sh;
			shellScript = "diff \"${PODS_PODFILE_DIR_PATH}/Podfile.lock\" \"${PODS_ROOT}/Manifest.lock\" > /dev/null\nif [ $? != 0 ] ; then\n    # print error to STDERR\n    echo \"error: The sandbox is not in sync with the Podfile.lock. Run 'pod install' or update your CocoaPods installation.\" >&2\n    exit 1\nfi\n# This output is used by Xcode 'outputs' to avoid re-running this script phase.\necho \"SUCCESS\" > \"${SCRIPT_OUTPUT_FILE_0}\"\n";
			showEnvVarsInLog = 0;
		};
		C86BC3193C942424FC2F7CA5 /* [CP] Embed Pods Frameworks */ = {
			isa = PBXShellScriptBuildPhase;
			buildActionMask = 2147483647;
			files = (
			);
			inputPaths = (
				"${SRCROOT}/Pods/Target Support Files/Pods-RevolutTest/Pods-RevolutTest-frameworks.sh",
				"${BUILT_PRODUCTS_DIR}/Alamofire/Alamofire.framework",
			);
			name = "[CP] Embed Pods Frameworks";
			outputPaths = (
				"${TARGET_BUILD_DIR}/${FRAMEWORKS_FOLDER_PATH}/Alamofire.framework",
			);
			runOnlyForDeploymentPostprocessing = 0;
			shellPath = /bin/sh;
			shellScript = "\"${SRCROOT}/Pods/Target Support Files/Pods-RevolutTest/Pods-RevolutTest-frameworks.sh\"\n";
			showEnvVarsInLog = 0;
		};
		EF3C6E360E5B6A8C86289381 /* [CP] Copy Pods Resources */ = {
			isa = PBXShellScriptBuildPhase;
			buildActionMask = 2147483647;
			files = (
			);
			inputPaths = (
			);
			name = "[CP] Copy Pods Resources";
			outputPaths = (
			);
			runOnlyForDeploymentPostprocessing = 0;
			shellPath = /bin/sh;
			shellScript = "\"${SRCROOT}/Pods/Target Support Files/Pods-RevolutTest/Pods-RevolutTest-resources.sh\"\n";
			showEnvVarsInLog = 0;
		};
/* End PBXShellScriptBuildPhase section */

/* Begin PBXSourcesBuildPhase section */
		3422A6741FA07CD3007EB0C6 /* Sources */ = {
			isa = PBXSourcesBuildPhase;
			buildActionMask = 2147483647;
			files = (
				3422A6911FA1E3CA007EB0C6 /* RVCurrency.swift in Sources */,
				3438AB0A1FA36DF30024B9C7 /* RVRate.swift in Sources */,
				3438AB071FA3690A0024B9C7 /* RVConverterTableViewController.swift in Sources */,
				3422A6931FA1E3E0007EB0C6 /* RVWebServiceManager.swift in Sources */,
				3422A6C51FA3247A007EB0C6 /* RVConstants.swift in Sources */,
				3422A67C1FA07CD3007EB0C6 /* AppDelegate.swift in Sources */,
				3438AB0E1FA744B70024B9C7 /* RVConverterTableViewCell.swift in Sources */,
			);
			runOnlyForDeploymentPostprocessing = 0;
		};
/* End PBXSourcesBuildPhase section */

/* Begin PBXVariantGroup section */
		3422A6841FA07CD3007EB0C6 /* LaunchScreen.storyboard */ = {
			isa = PBXVariantGroup;
			children = (
				3422A6851FA07CD3007EB0C6 /* Base */,
			);
			name = LaunchScreen.storyboard;
			sourceTree = "<group>";
		};
/* End PBXVariantGroup section */

/* Begin XCBuildConfiguration section */
		3422A6881FA07CD3007EB0C6 /* Debug */ = {
			isa = XCBuildConfiguration;
			buildSettings = {
				ALWAYS_SEARCH_USER_PATHS = NO;
				CLANG_ANALYZER_NONNULL = YES;
				CLANG_ANALYZER_NUMBER_OBJECT_CONVERSION = YES_AGGRESSIVE;
				CLANG_CXX_LANGUAGE_STANDARD = "gnu++14";
				CLANG_CXX_LIBRARY = "libc++";
				CLANG_ENABLE_MODULES = YES;
				CLANG_ENABLE_OBJC_ARC = YES;
				CLANG_WARN_BLOCK_CAPTURE_AUTORELEASING = YES;
				CLANG_WARN_BOOL_CONVERSION = YES;
				CLANG_WARN_COMMA = YES;
				CLANG_WARN_CONSTANT_CONVERSION = YES;
				CLANG_WARN_DIRECT_OBJC_ISA_USAGE = YES_ERROR;
				CLANG_WARN_DOCUMENTATION_COMMENTS = YES;
				CLANG_WARN_EMPTY_BODY = YES;
				CLANG_WARN_ENUM_CONVERSION = YES;
				CLANG_WARN_INFINITE_RECURSION = YES;
				CLANG_WARN_INT_CONVERSION = YES;
				CLANG_WARN_NON_LITERAL_NULL_CONVERSION = YES;
				CLANG_WARN_OBJC_LITERAL_CONVERSION = YES;
				CLANG_WARN_OBJC_ROOT_CLASS = YES_ERROR;
				CLANG_WARN_RANGE_LOOP_ANALYSIS = YES;
				CLANG_WARN_STRICT_PROTOTYPES = YES;
				CLANG_WARN_SUSPICIOUS_MOVE = YES;
				CLANG_WARN_UNGUARDED_AVAILABILITY = YES_AGGRESSIVE;
				CLANG_WARN_UNREACHABLE_CODE = YES;
				CLANG_WARN__DUPLICATE_METHOD_MATCH = YES;
				CODE_SIGN_IDENTITY = "iPhone Developer";
				COPY_PHASE_STRIP = NO;
				DEBUG_INFORMATION_FORMAT = dwarf;
				ENABLE_STRICT_OBJC_MSGSEND = YES;
				ENABLE_TESTABILITY = YES;
				GCC_C_LANGUAGE_STANDARD = gnu11;
				GCC_DYNAMIC_NO_PIC = NO;
				GCC_NO_COMMON_BLOCKS = YES;
				GCC_OPTIMIZATION_LEVEL = 0;
				GCC_PREPROCESSOR_DEFINITIONS = (
					"DEBUG=1",
					"$(inherited)",
				);
				GCC_WARN_64_TO_32_BIT_CONVERSION = YES;
				GCC_WARN_ABOUT_RETURN_TYPE = YES_ERROR;
				GCC_WARN_UNDECLARED_SELECTOR = YES;
				GCC_WARN_UNINITIALIZED_AUTOS = YES_AGGRESSIVE;
				GCC_WARN_UNUSED_FUNCTION = YES;
				GCC_WARN_UNUSED_VARIABLE = YES;
				IPHONEOS_DEPLOYMENT_TARGET = 11.0;
				MTL_ENABLE_DEBUG_INFO = YES;
				ONLY_ACTIVE_ARCH = YES;
				SDKROOT = iphoneos;
				SWIFT_ACTIVE_COMPILATION_CONDITIONS = DEBUG;
				SWIFT_OPTIMIZATION_LEVEL = "-Onone";
			};
			name = Debug;
		};
		3422A6891FA07CD3007EB0C6 /* Release */ = {
			isa = XCBuildConfiguration;
			buildSettings = {
				ALWAYS_SEARCH_USER_PATHS = NO;
				CLANG_ANALYZER_NONNULL = YES;
				CLANG_ANALYZER_NUMBER_OBJECT_CONVERSION = YES_AGGRESSIVE;
				CLANG_CXX_LANGUAGE_STANDARD = "gnu++14";
				CLANG_CXX_LIBRARY = "libc++";
				CLANG_ENABLE_MODULES = YES;
				CLANG_ENABLE_OBJC_ARC = YES;
				CLANG_WARN_BLOCK_CAPTURE_AUTORELEASING = YES;
				CLANG_WARN_BOOL_CONVERSION = YES;
				CLANG_WARN_COMMA = YES;
				CLANG_WARN_CONSTANT_CONVERSION = YES;
				CLANG_WARN_DIRECT_OBJC_ISA_USAGE = YES_ERROR;
				CLANG_WARN_DOCUMENTATION_COMMENTS = YES;
				CLANG_WARN_EMPTY_BODY = YES;
				CLANG_WARN_ENUM_CONVERSION = YES;
				CLANG_WARN_INFINITE_RECURSION = YES;
				CLANG_WARN_INT_CONVERSION = YES;
				CLANG_WARN_NON_LITERAL_NULL_CONVERSION = YES;
				CLANG_WARN_OBJC_LITERAL_CONVERSION = YES;
				CLANG_WARN_OBJC_ROOT_CLASS = YES_ERROR;
				CLANG_WARN_RANGE_LOOP_ANALYSIS = YES;
				CLANG_WARN_STRICT_PROTOTYPES = YES;
				CLANG_WARN_SUSPICIOUS_MOVE = YES;
				CLANG_WARN_UNGUARDED_AVAILABILITY = YES_AGGRESSIVE;
				CLANG_WARN_UNREACHABLE_CODE = YES;
				CLANG_WARN__DUPLICATE_METHOD_MATCH = YES;
				CODE_SIGN_IDENTITY = "iPhone Developer";
				COPY_PHASE_STRIP = NO;
				DEBUG_INFORMATION_FORMAT = "dwarf-with-dsym";
				ENABLE_NS_ASSERTIONS = NO;
				ENABLE_STRICT_OBJC_MSGSEND = YES;
				GCC_C_LANGUAGE_STANDARD = gnu11;
				GCC_NO_COMMON_BLOCKS = YES;
				GCC_WARN_64_TO_32_BIT_CONVERSION = YES;
				GCC_WARN_ABOUT_RETURN_TYPE = YES_ERROR;
				GCC_WARN_UNDECLARED_SELECTOR = YES;
				GCC_WARN_UNINITIALIZED_AUTOS = YES_AGGRESSIVE;
				GCC_WARN_UNUSED_FUNCTION = YES;
				GCC_WARN_UNUSED_VARIABLE = YES;
				IPHONEOS_DEPLOYMENT_TARGET = 11.0;
				MTL_ENABLE_DEBUG_INFO = NO;
				SDKROOT = iphoneos;
				SWIFT_OPTIMIZATION_LEVEL = "-Owholemodule";
				VALIDATE_PRODUCT = YES;
			};
			name = Release;
		};
		3422A68B1FA07CD3007EB0C6 /* Debug */ = {
			isa = XCBuildConfiguration;
			baseConfigurationReference = 01ADFFD16F4447AF0BF65FE1 /* Pods-RevolutTest.debug.xcconfig */;
			buildSettings = {
				ASSETCATALOG_COMPILER_APPICON_NAME = AppIcon;
				CODE_SIGN_STYLE = Automatic;
				DEVELOPMENT_TEAM = PX3P7C7A7W;
				INFOPLIST_FILE = RevolutTest/Info.plist;
				LD_RUNPATH_SEARCH_PATHS = "$(inherited) @executable_path/Frameworks";
				PRODUCT_BUNDLE_IDENTIFIER = com.cristina.RevolutTest;
				PRODUCT_NAME = "$(TARGET_NAME)";
				SWIFT_VERSION = 4.0;
				TARGETED_DEVICE_FAMILY = "1,2";
			};
			name = Debug;
		};
		3422A68C1FA07CD3007EB0C6 /* Release */ = {
			isa = XCBuildConfiguration;
			baseConfigurationReference = F7020B316EB362452FFD3368 /* Pods-RevolutTest.release.xcconfig */;
			buildSettings = {
				ASSETCATALOG_COMPILER_APPICON_NAME = AppIcon;
				CODE_SIGN_STYLE = Automatic;
				DEVELOPMENT_TEAM = PX3P7C7A7W;
				INFOPLIST_FILE = RevolutTest/Info.plist;
				LD_RUNPATH_SEARCH_PATHS = "$(inherited) @executable_path/Frameworks";
				PRODUCT_BUNDLE_IDENTIFIER = com.cristina.RevolutTest;
				PRODUCT_NAME = "$(TARGET_NAME)";
				SWIFT_VERSION = 4.0;
				TARGETED_DEVICE_FAMILY = "1,2";
			};
			name = Release;
		};
/* End XCBuildConfiguration section */

/* Begin XCConfigurationList section */
		3422A6731FA07CD3007EB0C6 /* Build configuration list for PBXProject "RevolutTest" */ = {
			isa = XCConfigurationList;
			buildConfigurations = (
				3422A6881FA07CD3007EB0C6 /* Debug */,
				3422A6891FA07CD3007EB0C6 /* Release */,
			);
			defaultConfigurationIsVisible = 0;
			defaultConfigurationName = Release;
		};
		3422A68A1FA07CD3007EB0C6 /* Build configuration list for PBXNativeTarget "RevolutTest" */ = {
			isa = XCConfigurationList;
			buildConfigurations = (
				3422A68B1FA07CD3007EB0C6 /* Debug */,
				3422A68C1FA07CD3007EB0C6 /* Release */,
			);
			defaultConfigurationIsVisible = 0;
			defaultConfigurationName = Release;
		};
/* End XCConfigurationList section */
	};
	rootObject = 3422A6701FA07CD3007EB0C6 /* Project object */;
}
